// !$*UTF8*$!
{
	archiveVersion = 1;
	classes = {
	};
	objectVersion = 48;
	objects = {

/* Begin PBXBuildFile section */
		398ED9A0207D6A0900A55C17 /* FavouritMapViewController.swift in Sources */ = {isa = PBXBuildFile; fileRef = 398ED99F207D6A0900A55C17 /* FavouritMapViewController.swift */; };
		39BA6BFE2083E5DB0015E960 /* VCWifiDetail.swift in Sources */ = {isa = PBXBuildFile; fileRef = 39BA6BFD2083E5DB0015E960 /* VCWifiDetail.swift */; };
		39BA6C002083EEE00015E960 /* DownloadImage.swift in Sources */ = {isa = PBXBuildFile; fileRef = 39BA6BFF2083EEE00015E960 /* DownloadImage.swift */; };
		39E4EEB4207D288B003ED8D6 /* Wifi.swift in Sources */ = {isa = PBXBuildFile; fileRef = 39E4EEB3207D288B003ED8D6 /* Wifi.swift */; };
		39E4EEB6207D28B2003ED8D6 /* ConnectionManager.swift in Sources */ = {isa = PBXBuildFile; fileRef = 39E4EEB5207D28B2003ED8D6 /* ConnectionManager.swift */; };
		39E4EEB8207D291A003ED8D6 /* MapViewController.swift in Sources */ = {isa = PBXBuildFile; fileRef = 39E4EEB7207D291A003ED8D6 /* MapViewController.swift */; };
		39E4EEBA207D294B003ED8D6 /* CustomMarkerView.swift in Sources */ = {isa = PBXBuildFile; fileRef = 39E4EEB9207D294B003ED8D6 /* CustomMarkerView.swift */; };
		39E4EEBC207D2968003ED8D6 /* LocationPreviewView.swift in Sources */ = {isa = PBXBuildFile; fileRef = 39E4EEBB207D2968003ED8D6 /* LocationPreviewView.swift */; };
		39E4EEBE207D2997003ED8D6 /* AddPopupViewController.swift in Sources */ = {isa = PBXBuildFile; fileRef = 39E4EEBD207D2997003ED8D6 /* AddPopupViewController.swift */; };
		39E4EEC0207D2A26003ED8D6 /* FavouriteViewController.swift in Sources */ = {isa = PBXBuildFile; fileRef = 39E4EEBF207D2A26003ED8D6 /* FavouriteViewController.swift */; };
		39E4EEC2207D2A84003ED8D6 /* FavViewCell.swift in Sources */ = {isa = PBXBuildFile; fileRef = 39E4EEC1207D2A84003ED8D6 /* FavViewCell.swift */; };
		39E4EEC4207D2AC5003ED8D6 /* Map.storyboard in Resources */ = {isa = PBXBuildFile; fileRef = 39E4EEC3207D2AC5003ED8D6 /* Map.storyboard */; };
		39E4EEC6207D2B36003ED8D6 /* AddPopupControllerView.storyboard in Resources */ = {isa = PBXBuildFile; fileRef = 39E4EEC5207D2B36003ED8D6 /* AddPopupControllerView.storyboard */; };
		39E4EEC8207D2B92003ED8D6 /* FavouriteStoryboard.storyboard in Resources */ = {isa = PBXBuildFile; fileRef = 39E4EEC7207D2B92003ED8D6 /* FavouriteStoryboard.storyboard */; };
		39F47CE12080F92800BAD6EF /* FavouriteMapStoryboard.storyboard in Resources */ = {isa = PBXBuildFile; fileRef = 39F47CE02080F92800BAD6EF /* FavouriteMapStoryboard.storyboard */; };
		39F47CE32082473000BAD6EF /* Reachability.swift in Sources */ = {isa = PBXBuildFile; fileRef = 39F47CE22082473000BAD6EF /* Reachability.swift */; };
		39F47CE92082704B00BAD6EF /* PersistenceService.swift in Sources */ = {isa = PBXBuildFile; fileRef = 39F47CE82082704B00BAD6EF /* PersistenceService.swift */; };
		85899A29208B95D1006DDAEA /* WifiDBCoreDataClass.swift in Sources */ = {isa = PBXBuildFile; fileRef = 85899A27208B95D1006DDAEA /* WifiDBCoreDataClass.swift */; };
		85899A2A208B95D1006DDAEA /* WifiDBCoreDataProperties.swift in Sources */ = {isa = PBXBuildFile; fileRef = 85899A28208B95D1006DDAEA /* WifiDBCoreDataProperties.swift */; };
		8594D7E220744B2D00F4C27D /* AppDelegate.swift in Sources */ = {isa = PBXBuildFile; fileRef = 8594D7E120744B2D00F4C27D /* AppDelegate.swift */; };
		8594D7E720744B2D00F4C27D /* Main.storyboard in Resources */ = {isa = PBXBuildFile; fileRef = 8594D7E520744B2D00F4C27D /* Main.storyboard */; };
		8594D7EA20744B2D00F4C27D /* SocialWifi.xcdatamodeld in Sources */ = {isa = PBXBuildFile; fileRef = 8594D7E820744B2D00F4C27D /* SocialWifi.xcdatamodeld */; };
		8594D7EC20744B2D00F4C27D /* Assets.xcassets in Resources */ = {isa = PBXBuildFile; fileRef = 8594D7EB20744B2D00F4C27D /* Assets.xcassets */; };
		8594D7EF20744B2D00F4C27D /* LaunchScreen.storyboard in Resources */ = {isa = PBXBuildFile; fileRef = 8594D7ED20744B2D00F4C27D /* LaunchScreen.storyboard */; };
		8594D7F720744E2A00F4C27D /* VCLogin.swift in Sources */ = {isa = PBXBuildFile; fileRef = 8594D7F620744E2A00F4C27D /* VCLogin.swift */; };
		85B12E0C208BAF5100FC5005 /* GoogleService-Info.plist in Resources */ = {isa = PBXBuildFile; fileRef = 85B12E0B208BAF5100FC5005 /* GoogleService-Info.plist */; };
		85CAB9E2207AB21300B6ABFC /* FBUser.swift in Sources */ = {isa = PBXBuildFile; fileRef = 85CAB9E1207AB21300B6ABFC /* FBUser.swift */; };
		85CAB9E4207ACFDB00B6ABFC /* VCMap.swift in Sources */ = {isa = PBXBuildFile; fileRef = 85CAB9E3207ACFDB00B6ABFC /* VCMap.swift */; };
		85CAB9E6207ACFF000B6ABFC /* VCFavoris.swift in Sources */ = {isa = PBXBuildFile; fileRef = 85CAB9E5207ACFF000B6ABFC /* VCFavoris.swift */; };
		85CAB9E8207AD00E00B6ABFC /* VCFriends.swift in Sources */ = {isa = PBXBuildFile; fileRef = 85CAB9E7207AD00E00B6ABFC /* VCFriends.swift */; };
		CD322150210ACD7776D30841 /* Pods_SocialWifi.framework in Frameworks */ = {isa = PBXBuildFile; fileRef = 2B58524B5920E6B6AFCB241E /* Pods_SocialWifi.framework */; };
/* End PBXBuildFile section */

/* Begin PBXFileReference section */
		2B58524B5920E6B6AFCB241E /* Pods_SocialWifi.framework */ = {isa = PBXFileReference; explicitFileType = wrapper.framework; includeInIndex = 0; path = Pods_SocialWifi.framework; sourceTree = BUILT_PRODUCTS_DIR; };
		398ED99F207D6A0900A55C17 /* FavouritMapViewController.swift */ = {isa = PBXFileReference; lastKnownFileType = sourcecode.swift; path = FavouritMapViewController.swift; sourceTree = "<group>"; };
		39BA6BFD2083E5DB0015E960 /* VCWifiDetail.swift */ = {isa = PBXFileReference; lastKnownFileType = sourcecode.swift; path = VCWifiDetail.swift; sourceTree = "<group>"; };
		39BA6BFF2083EEE00015E960 /* DownloadImage.swift */ = {isa = PBXFileReference; lastKnownFileType = sourcecode.swift; path = DownloadImage.swift; sourceTree = "<group>"; };
		39E4EEB3207D288B003ED8D6 /* Wifi.swift */ = {isa = PBXFileReference; lastKnownFileType = sourcecode.swift; path = Wifi.swift; sourceTree = "<group>"; };
		39E4EEB5207D28B2003ED8D6 /* ConnectionManager.swift */ = {isa = PBXFileReference; lastKnownFileType = sourcecode.swift; path = ConnectionManager.swift; sourceTree = "<group>"; };
		39E4EEB7207D291A003ED8D6 /* MapViewController.swift */ = {isa = PBXFileReference; lastKnownFileType = sourcecode.swift; path = MapViewController.swift; sourceTree = "<group>"; };
		39E4EEB9207D294B003ED8D6 /* CustomMarkerView.swift */ = {isa = PBXFileReference; lastKnownFileType = sourcecode.swift; path = CustomMarkerView.swift; sourceTree = "<group>"; };
		39E4EEBB207D2968003ED8D6 /* LocationPreviewView.swift */ = {isa = PBXFileReference; lastKnownFileType = sourcecode.swift; path = LocationPreviewView.swift; sourceTree = "<group>"; };
		39E4EEBD207D2997003ED8D6 /* AddPopupViewController.swift */ = {isa = PBXFileReference; lastKnownFileType = sourcecode.swift; path = AddPopupViewController.swift; sourceTree = "<group>"; };
		39E4EEBF207D2A26003ED8D6 /* FavouriteViewController.swift */ = {isa = PBXFileReference; lastKnownFileType = sourcecode.swift; path = FavouriteViewController.swift; sourceTree = "<group>"; };
		39E4EEC1207D2A84003ED8D6 /* FavViewCell.swift */ = {isa = PBXFileReference; lastKnownFileType = sourcecode.swift; path = FavViewCell.swift; sourceTree = "<group>"; };
		39E4EEC3207D2AC5003ED8D6 /* Map.storyboard */ = {isa = PBXFileReference; lastKnownFileType = file.storyboard; path = Map.storyboard; sourceTree = "<group>"; };
		39E4EEC5207D2B36003ED8D6 /* AddPopupControllerView.storyboard */ = {isa = PBXFileReference; lastKnownFileType = file.storyboard; path = AddPopupControllerView.storyboard; sourceTree = "<group>"; };
		39E4EEC7207D2B92003ED8D6 /* FavouriteStoryboard.storyboard */ = {isa = PBXFileReference; lastKnownFileType = file.storyboard; path = FavouriteStoryboard.storyboard; sourceTree = "<group>"; };
		39F47CE02080F92800BAD6EF /* FavouriteMapStoryboard.storyboard */ = {isa = PBXFileReference; fileEncoding = 4; lastKnownFileType = file.storyboard; path = FavouriteMapStoryboard.storyboard; sourceTree = "<group>"; };
		39F47CE22082473000BAD6EF /* Reachability.swift */ = {isa = PBXFileReference; lastKnownFileType = sourcecode.swift; path = Reachability.swift; sourceTree = "<group>"; };
		39F47CE82082704B00BAD6EF /* PersistenceService.swift */ = {isa = PBXFileReference; lastKnownFileType = sourcecode.swift; path = PersistenceService.swift; sourceTree = "<group>"; };
		787A6D489B05868AA1CB42B9 /* Pods-SocialWifi.release.xcconfig */ = {isa = PBXFileReference; includeInIndex = 1; lastKnownFileType = text.xcconfig; name = "Pods-SocialWifi.release.xcconfig"; path = "Pods/Target Support Files/Pods-SocialWifi/Pods-SocialWifi.release.xcconfig"; sourceTree = "<group>"; };
		85899A27208B95D1006DDAEA /* WifiDBCoreDataClass.swift */ = {isa = PBXFileReference; fileEncoding = 4; lastKnownFileType = sourcecode.swift; name = WifiDBCoreDataClass.swift; path = "../../../../../../Volumes/VMware Shared Folders/Téléchargements/IOSPics/WifiDBCoreDataClass.swift"; sourceTree = "<group>"; };
		85899A28208B95D1006DDAEA /* WifiDBCoreDataProperties.swift */ = {isa = PBXFileReference; fileEncoding = 4; lastKnownFileType = sourcecode.swift; name = WifiDBCoreDataProperties.swift; path = "../../../../../../Volumes/VMware Shared Folders/Téléchargements/IOSPics/WifiDBCoreDataProperties.swift"; sourceTree = "<group>"; };
		8594D7DE20744B2D00F4C27D /* SocialWifi.app */ = {isa = PBXFileReference; explicitFileType = wrapper.application; includeInIndex = 0; path = SocialWifi.app; sourceTree = BUILT_PRODUCTS_DIR; };
		8594D7E120744B2D00F4C27D /* AppDelegate.swift */ = {isa = PBXFileReference; lastKnownFileType = sourcecode.swift; path = AppDelegate.swift; sourceTree = "<group>"; };
		8594D7E620744B2D00F4C27D /* Base */ = {isa = PBXFileReference; lastKnownFileType = file.storyboard; name = Base; path = Base.lproj/Main.storyboard; sourceTree = "<group>"; };
		8594D7E920744B2D00F4C27D /* SocialWifi.xcdatamodel */ = {isa = PBXFileReference; lastKnownFileType = wrapper.xcdatamodel; path = SocialWifi.xcdatamodel; sourceTree = "<group>"; };
		8594D7EB20744B2D00F4C27D /* Assets.xcassets */ = {isa = PBXFileReference; lastKnownFileType = folder.assetcatalog; path = Assets.xcassets; sourceTree = "<group>"; };
		8594D7EE20744B2D00F4C27D /* Base */ = {isa = PBXFileReference; lastKnownFileType = file.storyboard; name = Base; path = Base.lproj/LaunchScreen.storyboard; sourceTree = "<group>"; };
		8594D7F020744B2D00F4C27D /* Info.plist */ = {isa = PBXFileReference; lastKnownFileType = text.plist.xml; path = Info.plist; sourceTree = "<group>"; };
		8594D7F620744E2A00F4C27D /* VCLogin.swift */ = {isa = PBXFileReference; lastKnownFileType = sourcecode.swift; path = VCLogin.swift; sourceTree = "<group>"; };
		85B12E0B208BAF5100FC5005 /* GoogleService-Info.plist */ = {isa = PBXFileReference; fileEncoding = 4; lastKnownFileType = text.plist.xml; name = "GoogleService-Info.plist"; path = "../../../../../../Volumes/VMware Shared Folders/Téléchargements/IOSPics/GoogleService-Info.plist"; sourceTree = "<group>"; };
		85CAB9E1207AB21300B6ABFC /* FBUser.swift */ = {isa = PBXFileReference; lastKnownFileType = sourcecode.swift; path = FBUser.swift; sourceTree = "<group>"; };
		85CAB9E3207ACFDB00B6ABFC /* VCMap.swift */ = {isa = PBXFileReference; lastKnownFileType = sourcecode.swift; path = VCMap.swift; sourceTree = "<group>"; };
		85CAB9E5207ACFF000B6ABFC /* VCFavoris.swift */ = {isa = PBXFileReference; lastKnownFileType = sourcecode.swift; path = VCFavoris.swift; sourceTree = "<group>"; };
		85CAB9E7207AD00E00B6ABFC /* VCFriends.swift */ = {isa = PBXFileReference; lastKnownFileType = sourcecode.swift; path = VCFriends.swift; sourceTree = "<group>"; };
		FB7CE6060F8740BD12E136CC /* Pods-SocialWifi.debug.xcconfig */ = {isa = PBXFileReference; includeInIndex = 1; lastKnownFileType = text.xcconfig; name = "Pods-SocialWifi.debug.xcconfig"; path = "Pods/Target Support Files/Pods-SocialWifi/Pods-SocialWifi.debug.xcconfig"; sourceTree = "<group>"; };
/* End PBXFileReference section */

/* Begin PBXFrameworksBuildPhase section */
		8594D7DB20744B2D00F4C27D /* Frameworks */ = {
			isa = PBXFrameworksBuildPhase;
			buildActionMask = 2147483647;
			files = (
				CD322150210ACD7776D30841 /* Pods_SocialWifi.framework in Frameworks */,
			);
			runOnlyForDeploymentPostprocessing = 0;
		};
/* End PBXFrameworksBuildPhase section */

/* Begin PBXGroup section */
		8594D7D520744B2D00F4C27D = {
			isa = PBXGroup;
			children = (
				8594D7E020744B2D00F4C27D /* SocialWifi */,
				8594D7DF20744B2D00F4C27D /* Products */,
				B4468A0E4FEB2E96D9C9D46B /* Pods */,
				C3B4BACBF0456099B8A56683 /* Frameworks */,
			);
			sourceTree = "<group>";
		};
		8594D7DF20744B2D00F4C27D /* Products */ = {
			isa = PBXGroup;
			children = (
				8594D7DE20744B2D00F4C27D /* SocialWifi.app */,
			);
			name = Products;
			sourceTree = "<group>";
		};
		8594D7E020744B2D00F4C27D /* SocialWifi */ = {
			isa = PBXGroup;
			children = (
				85B12E0B208BAF5100FC5005 /* GoogleService-Info.plist */,
				85899A27208B95D1006DDAEA /* WifiDBCoreDataClass.swift */,
				85899A28208B95D1006DDAEA /* WifiDBCoreDataProperties.swift */,
				8594D7E120744B2D00F4C27D /* AppDelegate.swift */,
				8594D7F620744E2A00F4C27D /* VCLogin.swift */,
				85CAB9E3207ACFDB00B6ABFC /* VCMap.swift */,
				85CAB9E5207ACFF000B6ABFC /* VCFavoris.swift */,
				85CAB9E7207AD00E00B6ABFC /* VCFriends.swift */,
				85CAB9E1207AB21300B6ABFC /* FBUser.swift */,
				8594D7EB20744B2D00F4C27D /* Assets.xcassets */,
				8594D7E520744B2D00F4C27D /* Main.storyboard */,
				8594D7ED20744B2D00F4C27D /* LaunchScreen.storyboard */,
				8594D7F020744B2D00F4C27D /* Info.plist */,
				8594D7E820744B2D00F4C27D /* SocialWifi.xcdatamodeld */,
				39E4EEB3207D288B003ED8D6 /* Wifi.swift */,
				39E4EEB5207D28B2003ED8D6 /* ConnectionManager.swift */,
				39E4EEB7207D291A003ED8D6 /* MapViewController.swift */,
				39E4EEB9207D294B003ED8D6 /* CustomMarkerView.swift */,
				39E4EEBB207D2968003ED8D6 /* LocationPreviewView.swift */,
				39E4EEBD207D2997003ED8D6 /* AddPopupViewController.swift */,
				39E4EEBF207D2A26003ED8D6 /* FavouriteViewController.swift */,
				39E4EEC1207D2A84003ED8D6 /* FavViewCell.swift */,
				39E4EEC3207D2AC5003ED8D6 /* Map.storyboard */,
				39E4EEC5207D2B36003ED8D6 /* AddPopupControllerView.storyboard */,
				39E4EEC7207D2B92003ED8D6 /* FavouriteStoryboard.storyboard */,
				39F47CE02080F92800BAD6EF /* FavouriteMapStoryboard.storyboard */,
				398ED99F207D6A0900A55C17 /* FavouritMapViewController.swift */,
				39F47CE22082473000BAD6EF /* Reachability.swift */,
				39F47CE82082704B00BAD6EF /* PersistenceService.swift */,
				39BA6BFD2083E5DB0015E960 /* VCWifiDetail.swift */,
				39BA6BFF2083EEE00015E960 /* DownloadImage.swift */,
			);
			path = SocialWifi;
			sourceTree = "<group>";
		};
		B4468A0E4FEB2E96D9C9D46B /* Pods */ = {
			isa = PBXGroup;
			children = (
				FB7CE6060F8740BD12E136CC /* Pods-SocialWifi.debug.xcconfig */,
				787A6D489B05868AA1CB42B9 /* Pods-SocialWifi.release.xcconfig */,
			);
			name = Pods;
			sourceTree = "<group>";
		};
		C3B4BACBF0456099B8A56683 /* Frameworks */ = {
			isa = PBXGroup;
			children = (
				2B58524B5920E6B6AFCB241E /* Pods_SocialWifi.framework */,
			);
			name = Frameworks;
			sourceTree = "<group>";
		};
/* End PBXGroup section */

/* Begin PBXNativeTarget section */
		8594D7DD20744B2D00F4C27D /* SocialWifi */ = {
			isa = PBXNativeTarget;
			buildConfigurationList = 8594D7F320744B2D00F4C27D /* Build configuration list for PBXNativeTarget "SocialWifi" */;
			buildPhases = (
				41CAB7BA178E298A0B34A113 /* [CP] Check Pods Manifest.lock */,
				8594D7DA20744B2D00F4C27D /* Sources */,
				8594D7DB20744B2D00F4C27D /* Frameworks */,
				8594D7DC20744B2D00F4C27D /* Resources */,
				19E56E5651A625E0CC4F9852 /* [CP] Embed Pods Frameworks */,
				34135C4827D6190CCCAEECF9 /* [CP] Copy Pods Resources */,
			);
			buildRules = (
			);
			dependencies = (
			);
			name = SocialWifi;
			productName = SocialWifi;
			productReference = 8594D7DE20744B2D00F4C27D /* SocialWifi.app */;
			productType = "com.apple.product-type.application";
		};
/* End PBXNativeTarget section */

/* Begin PBXProject section */
		8594D7D620744B2D00F4C27D /* Project object */ = {
			isa = PBXProject;
			attributes = {
				LastSwiftUpdateCheck = 0900;
				LastUpgradeCheck = 0900;
				ORGANIZATIONNAME = esprit;
				TargetAttributes = {
					8594D7DD20744B2D00F4C27D = {
						CreatedOnToolsVersion = 9.0.1;
						ProvisioningStyle = Automatic;
					};
				};
			};
			buildConfigurationList = 8594D7D920744B2D00F4C27D /* Build configuration list for PBXProject "SocialWifi" */;
			compatibilityVersion = "Xcode 8.0";
			developmentRegion = en;
			hasScannedForEncodings = 0;
			knownRegions = (
				en,
				Base,
			);
			mainGroup = 8594D7D520744B2D00F4C27D;
			productRefGroup = 8594D7DF20744B2D00F4C27D /* Products */;
			projectDirPath = "";
			projectRoot = "";
			targets = (
				8594D7DD20744B2D00F4C27D /* SocialWifi */,
			);
		};
/* End PBXProject section */

/* Begin PBXResourcesBuildPhase section */
		8594D7DC20744B2D00F4C27D /* Resources */ = {
			isa = PBXResourcesBuildPhase;
			buildActionMask = 2147483647;
			files = (
				8594D7EF20744B2D00F4C27D /* LaunchScreen.storyboard in Resources */,
				85B12E0C208BAF5100FC5005 /* GoogleService-Info.plist in Resources */,
				8594D7EC20744B2D00F4C27D /* Assets.xcassets in Resources */,
				8594D7E720744B2D00F4C27D /* Main.storyboard in Resources */,
				39E4EEC6207D2B36003ED8D6 /* AddPopupControllerView.storyboard in Resources */,
				39E4EEC4207D2AC5003ED8D6 /* Map.storyboard in Resources */,
				39E4EEC8207D2B92003ED8D6 /* FavouriteStoryboard.storyboard in Resources */,
				39F47CE12080F92800BAD6EF /* FavouriteMapStoryboard.storyboard in Resources */,
			);
			runOnlyForDeploymentPostprocessing = 0;
		};
/* End PBXResourcesBuildPhase section */

/* Begin PBXShellScriptBuildPhase section */
		19E56E5651A625E0CC4F9852 /* [CP] Embed Pods Frameworks */ = {
			isa = PBXShellScriptBuildPhase;
			buildActionMask = 2147483647;
			files = (
			);
			inputPaths = (
				"${SRCROOT}/Pods/Target Support Files/Pods-SocialWifi/Pods-SocialWifi-frameworks.sh",
				"${BUILT_PRODUCTS_DIR}/Alamofire/Alamofire.framework",
				"${BUILT_PRODUCTS_DIR}/Bolts/Bolts.framework",
				"${BUILT_PRODUCTS_DIR}/FBSDKCoreKit/FBSDKCoreKit.framework",
				"${BUILT_PRODUCTS_DIR}/FBSDKLoginKit/FBSDKLoginKit.framework",
				"${BUILT_PRODUCTS_DIR}/Floaty/Floaty.framework",
				"${BUILT_PRODUCTS_DIR}/GTMSessionFetcher/GTMSessionFetcher.framework",
				"${BUILT_PRODUCTS_DIR}/GoogleToolboxForMac/GoogleToolboxForMac.framework",
				"${BUILT_PRODUCTS_DIR}/LSDialogViewController/LSDialogViewController.framework",
				"${BUILT_PRODUCTS_DIR}/SwiftyJSON/SwiftyJSON.framework",
				"${BUILT_PRODUCTS_DIR}/Toast-Swift/Toast_Swift.framework",
				"${BUILT_PRODUCTS_DIR}/nanopb/nanopb.framework",
			);
			name = "[CP] Embed Pods Frameworks";
			outputPaths = (
				"${TARGET_BUILD_DIR}/${FRAMEWORKS_FOLDER_PATH}/Alamofire.framework",
				"${TARGET_BUILD_DIR}/${FRAMEWORKS_FOLDER_PATH}/Bolts.framework",
				"${TARGET_BUILD_DIR}/${FRAMEWORKS_FOLDER_PATH}/FBSDKCoreKit.framework",
				"${TARGET_BUILD_DIR}/${FRAMEWORKS_FOLDER_PATH}/FBSDKLoginKit.framework",
				"${TARGET_BUILD_DIR}/${FRAMEWORKS_FOLDER_PATH}/Floaty.framework",
				"${TARGET_BUILD_DIR}/${FRAMEWORKS_FOLDER_PATH}/GTMSessionFetcher.framework",
				"${TARGET_BUILD_DIR}/${FRAMEWORKS_FOLDER_PATH}/GoogleToolboxForMac.framework",
				"${TARGET_BUILD_DIR}/${FRAMEWORKS_FOLDER_PATH}/LSDialogViewController.framework",
				"${TARGET_BUILD_DIR}/${FRAMEWORKS_FOLDER_PATH}/SwiftyJSON.framework",
				"${TARGET_BUILD_DIR}/${FRAMEWORKS_FOLDER_PATH}/Toast_Swift.framework",
				"${TARGET_BUILD_DIR}/${FRAMEWORKS_FOLDER_PATH}/nanopb.framework",
			);
			runOnlyForDeploymentPostprocessing = 0;
			shellPath = /bin/sh;
			shellScript = "\"${SRCROOT}/Pods/Target Support Files/Pods-SocialWifi/Pods-SocialWifi-frameworks.sh\"\n";
			showEnvVarsInLog = 0;
		};
		34135C4827D6190CCCAEECF9 /* [CP] Copy Pods Resources */ = {
			isa = PBXShellScriptBuildPhase;
			buildActionMask = 2147483647;
			files = (
			);
			inputPaths = (
				"${SRCROOT}/Pods/Target Support Files/Pods-SocialWifi/Pods-SocialWifi-resources.sh",
				"${PODS_ROOT}/GoogleMaps/Maps/Frameworks/GoogleMaps.framework/Resources/GoogleMaps.bundle",
				"${PODS_ROOT}/GooglePlacePicker/Frameworks/GooglePlacePicker.framework/Resources/GooglePlacePicker.bundle",
				"${PODS_ROOT}/GooglePlaces/Frameworks/GooglePlaces.framework/Resources/GooglePlaces.bundle",
			);
			name = "[CP] Copy Pods Resources";
			outputPaths = (
				"${TARGET_BUILD_DIR}/${UNLOCALIZED_RESOURCES_FOLDER_PATH}/GoogleMaps.bundle",
				"${TARGET_BUILD_DIR}/${UNLOCALIZED_RESOURCES_FOLDER_PATH}/GooglePlacePicker.bundle",
				"${TARGET_BUILD_DIR}/${UNLOCALIZED_RESOURCES_FOLDER_PATH}/GooglePlaces.bundle",
			);
			runOnlyForDeploymentPostprocessing = 0;
			shellPath = /bin/sh;
			shellScript = "\"${SRCROOT}/Pods/Target Support Files/Pods-SocialWifi/Pods-SocialWifi-resources.sh\"\n";
			showEnvVarsInLog = 0;
		};
		41CAB7BA178E298A0B34A113 /* [CP] Check Pods Manifest.lock */ = {
			isa = PBXShellScriptBuildPhase;
			buildActionMask = 2147483647;
			files = (
			);
			inputPaths = (
				"${PODS_PODFILE_DIR_PATH}/Podfile.lock",
				"${PODS_ROOT}/Manifest.lock",
			);
			name = "[CP] Check Pods Manifest.lock";
			outputPaths = (
				"$(DERIVED_FILE_DIR)/Pods-SocialWifi-checkManifestLockResult.txt",
			);
			runOnlyForDeploymentPostprocessing = 0;
			shellPath = /bin/sh;
			shellScript = "diff \"${PODS_PODFILE_DIR_PATH}/Podfile.lock\" \"${PODS_ROOT}/Manifest.lock\" > /dev/null\nif [ $? != 0 ] ; then\n    # print error to STDERR\n    echo \"error: The sandbox is not in sync with the Podfile.lock. Run 'pod install' or update your CocoaPods installation.\" >&2\n    exit 1\nfi\n# This output is used by Xcode 'outputs' to avoid re-running this script phase.\necho \"SUCCESS\" > \"${SCRIPT_OUTPUT_FILE_0}\"\n";
			showEnvVarsInLog = 0;
		};
/* End PBXShellScriptBuildPhase section */

/* Begin PBXSourcesBuildPhase section */
		8594D7DA20744B2D00F4C27D /* Sources */ = {
			isa = PBXSourcesBuildPhase;
			buildActionMask = 2147483647;
			files = (
				8594D7EA20744B2D00F4C27D /* SocialWifi.xcdatamodeld in Sources */,
				85CAB9E6207ACFF000B6ABFC /* VCFavoris.swift in Sources */,
				85899A2A208B95D1006DDAEA /* WifiDBCoreDataProperties.swift in Sources */,
				8594D7F720744E2A00F4C27D /* VCLogin.swift in Sources */,
				39E4EEB8207D291A003ED8D6 /* MapViewController.swift in Sources */,
				39E4EEC0207D2A26003ED8D6 /* FavouriteViewController.swift in Sources */,
				39F47CE92082704B00BAD6EF /* PersistenceService.swift in Sources */,
				39BA6BFE2083E5DB0015E960 /* VCWifiDetail.swift in Sources */,
				39E4EEBA207D294B003ED8D6 /* CustomMarkerView.swift in Sources */,
				39F47CE32082473000BAD6EF /* Reachability.swift in Sources */,
				85CAB9E4207ACFDB00B6ABFC /* VCMap.swift in Sources */,
				398ED9A0207D6A0900A55C17 /* FavouritMapViewController.swift in Sources */,
				39E4EEB6207D28B2003ED8D6 /* ConnectionManager.swift in Sources */,
				39E4EEB4207D288B003ED8D6 /* Wifi.swift in Sources */,
				39E4EEC2207D2A84003ED8D6 /* FavViewCell.swift in Sources */,
				85CAB9E2207AB21300B6ABFC /* FBUser.swift in Sources */,
				39BA6C002083EEE00015E960 /* DownloadImage.swift in Sources */,
				85CAB9E8207AD00E00B6ABFC /* VCFriends.swift in Sources */,
				39E4EEBE207D2997003ED8D6 /* AddPopupViewController.swift in Sources */,
				39E4EEBC207D2968003ED8D6 /* LocationPreviewView.swift in Sources */,
				8594D7E220744B2D00F4C27D /* AppDelegate.swift in Sources */,
				85899A29208B95D1006DDAEA /* WifiDBCoreDataClass.swift in Sources */,
			);
			runOnlyForDeploymentPostprocessing = 0;
		};
/* End PBXSourcesBuildPhase section */

/* Begin PBXVariantGroup section */
		8594D7E520744B2D00F4C27D /* Main.storyboard */ = {
			isa = PBXVariantGroup;
			children = (
				8594D7E620744B2D00F4C27D /* Base */,
			);
			name = Main.storyboard;
			sourceTree = "<group>";
		};
		8594D7ED20744B2D00F4C27D /* LaunchScreen.storyboard */ = {
			isa = PBXVariantGroup;
			children = (
				8594D7EE20744B2D00F4C27D /* Base */,
			);
			name = LaunchScreen.storyboard;
			sourceTree = "<group>";
		};
/* End PBXVariantGroup section */

/* Begin XCBuildConfiguration section */
		8594D7F120744B2D00F4C27D /* Debug */ = {
			isa = XCBuildConfiguration;
			buildSettings = {
				ALWAYS_SEARCH_USER_PATHS = NO;
				CLANG_ANALYZER_NONNULL = YES;
				CLANG_ANALYZER_NUMBER_OBJECT_CONVERSION = YES_AGGRESSIVE;
				CLANG_CXX_LANGUAGE_STANDARD = "gnu++14";
				CLANG_CXX_LIBRARY = "libc++";
				CLANG_ENABLE_MODULES = YES;
				CLANG_ENABLE_OBJC_ARC = YES;
				CLANG_WARN_BLOCK_CAPTURE_AUTORELEASING = YES;
				CLANG_WARN_BOOL_CONVERSION = YES;
				CLANG_WARN_COMMA = YES;
				CLANG_WARN_CONSTANT_CONVERSION = YES;
				CLANG_WARN_DIRECT_OBJC_ISA_USAGE = YES_ERROR;
				CLANG_WARN_DOCUMENTATION_COMMENTS = YES;
				CLANG_WARN_EMPTY_BODY = YES;
				CLANG_WARN_ENUM_CONVERSION = YES;
				CLANG_WARN_INFINITE_RECURSION = YES;
				CLANG_WARN_INT_CONVERSION = YES;
				CLANG_WARN_NON_LITERAL_NULL_CONVERSION = YES;
				CLANG_WARN_OBJC_LITERAL_CONVERSION = YES;
				CLANG_WARN_OBJC_ROOT_CLASS = YES_ERROR;
				CLANG_WARN_RANGE_LOOP_ANALYSIS = YES;
				CLANG_WARN_STRICT_PROTOTYPES = YES;
				CLANG_WARN_SUSPICIOUS_MOVE = YES;
				CLANG_WARN_UNGUARDED_AVAILABILITY = YES_AGGRESSIVE;
				CLANG_WARN_UNREACHABLE_CODE = YES;
				CLANG_WARN__DUPLICATE_METHOD_MATCH = YES;
				CODE_SIGN_IDENTITY = "iPhone Developer";
				COPY_PHASE_STRIP = NO;
				DEBUG_INFORMATION_FORMAT = dwarf;
				ENABLE_STRICT_OBJC_MSGSEND = YES;
				ENABLE_TESTABILITY = YES;
				GCC_C_LANGUAGE_STANDARD = gnu11;
				GCC_DYNAMIC_NO_PIC = NO;
				GCC_NO_COMMON_BLOCKS = YES;
				GCC_OPTIMIZATION_LEVEL = 0;
				GCC_PREPROCESSOR_DEFINITIONS = (
					"DEBUG=1",
					"$(inherited)",
				);
				GCC_WARN_64_TO_32_BIT_CONVERSION = YES;
				GCC_WARN_ABOUT_RETURN_TYPE = YES_ERROR;
				GCC_WARN_UNDECLARED_SELECTOR = YES;
				GCC_WARN_UNINITIALIZED_AUTOS = YES_AGGRESSIVE;
				GCC_WARN_UNUSED_FUNCTION = YES;
				GCC_WARN_UNUSED_VARIABLE = YES;
				IPHONEOS_DEPLOYMENT_TARGET = 11.0;
				MTL_ENABLE_DEBUG_INFO = YES;
				ONLY_ACTIVE_ARCH = YES;
				SDKROOT = iphoneos;
				SWIFT_ACTIVE_COMPILATION_CONDITIONS = DEBUG;
				SWIFT_OPTIMIZATION_LEVEL = "-Onone";
			};
			name = Debug;
		};
		8594D7F220744B2D00F4C27D /* Release */ = {
			isa = XCBuildConfiguration;
			buildSettings = {
				ALWAYS_SEARCH_USER_PATHS = NO;
				CLANG_ANALYZER_NONNULL = YES;
				CLANG_ANALYZER_NUMBER_OBJECT_CONVERSION = YES_AGGRESSIVE;
				CLANG_CXX_LANGUAGE_STANDARD = "gnu++14";
				CLANG_CXX_LIBRARY = "libc++";
				CLANG_ENABLE_MODULES = YES;
				CLANG_ENABLE_OBJC_ARC = YES;
				CLANG_WARN_BLOCK_CAPTURE_AUTORELEASING = YES;
				CLANG_WARN_BOOL_CONVERSION = YES;
				CLANG_WARN_COMMA = YES;
				CLANG_WARN_CONSTANT_CONVERSION = YES;
				CLANG_WARN_DIRECT_OBJC_ISA_USAGE = YES_ERROR;
				CLANG_WARN_DOCUMENTATION_COMMENTS = YES;
				CLANG_WARN_EMPTY_BODY = YES;
				CLANG_WARN_ENUM_CONVERSION = YES;
				CLANG_WARN_INFINITE_RECURSION = YES;
				CLANG_WARN_INT_CONVERSION = YES;
				CLANG_WARN_NON_LITERAL_NULL_CONVERSION = YES;
				CLANG_WARN_OBJC_LITERAL_CONVERSION = YES;
				CLANG_WARN_OBJC_ROOT_CLASS = YES_ERROR;
				CLANG_WARN_RANGE_LOOP_ANALYSIS = YES;
				CLANG_WARN_STRICT_PROTOTYPES = YES;
				CLANG_WARN_SUSPICIOUS_MOVE = YES;
				CLANG_WARN_UNGUARDED_AVAILABILITY = YES_AGGRESSIVE;
				CLANG_WARN_UNREACHABLE_CODE = YES;
				CLANG_WARN__DUPLICATE_METHOD_MATCH = YES;
				CODE_SIGN_IDENTITY = "iPhone Developer";
				COPY_PHASE_STRIP = NO;
				DEBUG_INFORMATION_FORMAT = "dwarf-with-dsym";
				ENABLE_NS_ASSERTIONS = NO;
				ENABLE_STRICT_OBJC_MSGSEND = YES;
				GCC_C_LANGUAGE_STANDARD = gnu11;
				GCC_NO_COMMON_BLOCKS = YES;
				GCC_WARN_64_TO_32_BIT_CONVERSION = YES;
				GCC_WARN_ABOUT_RETURN_TYPE = YES_ERROR;
				GCC_WARN_UNDECLARED_SELECTOR = YES;
				GCC_WARN_UNINITIALIZED_AUTOS = YES_AGGRESSIVE;
				GCC_WARN_UNUSED_FUNCTION = YES;
				GCC_WARN_UNUSED_VARIABLE = YES;
				IPHONEOS_DEPLOYMENT_TARGET = 11.0;
				MTL_ENABLE_DEBUG_INFO = NO;
				SDKROOT = iphoneos;
				SWIFT_OPTIMIZATION_LEVEL = "-Owholemodule";
				VALIDATE_PRODUCT = YES;
			};
			name = Release;
		};
		8594D7F420744B2D00F4C27D /* Debug */ = {
			isa = XCBuildConfiguration;
			baseConfigurationReference = FB7CE6060F8740BD12E136CC /* Pods-SocialWifi.debug.xcconfig */;
			buildSettings = {
				ASSETCATALOG_COMPILER_APPICON_NAME = AppIcon;
				CODE_SIGN_STYLE = Automatic;
				DEVELOPMENT_TEAM = 58L5J9GFCL;
				INFOPLIST_FILE = SocialWifi/Info.plist;
				LD_RUNPATH_SEARCH_PATHS = "$(inherited) @executable_path/Frameworks";
				PRODUCT_BUNDLE_IDENTIFIER = com.esprit.SocialWifi;
				PRODUCT_NAME = "$(TARGET_NAME)";
				SWIFT_VERSION = 4.0;
				TARGETED_DEVICE_FAMILY = "1,2";
			};
			name = Debug;
		};
		8594D7F520744B2D00F4C27D /* Release */ = {
			isa = XCBuildConfiguration;
			baseConfigurationReference = 787A6D489B05868AA1CB42B9 /* Pods-SocialWifi.release.xcconfig */;
			buildSettings = {
				ASSETCATALOG_COMPILER_APPICON_NAME = AppIcon;
				CODE_SIGN_STYLE = Automatic;
				DEVELOPMENT_TEAM = 58L5J9GFCL;
				INFOPLIST_FILE = SocialWifi/Info.plist;
				LD_RUNPATH_SEARCH_PATHS = "$(inherited) @executable_path/Frameworks";
				PRODUCT_BUNDLE_IDENTIFIER = com.esprit.SocialWifi;
				PRODUCT_NAME = "$(TARGET_NAME)";
				SWIFT_VERSION = 4.0;
				TARGETED_DEVICE_FAMILY = "1,2";
			};
			name = Release;
		};
/* End XCBuildConfiguration section */

/* Begin XCConfigurationList section */
		8594D7D920744B2D00F4C27D /* Build configuration list for PBXProject "SocialWifi" */ = {
			isa = XCConfigurationList;
			buildConfigurations = (
				8594D7F120744B2D00F4C27D /* Debug */,
				8594D7F220744B2D00F4C27D /* Release */,
			);
			defaultConfigurationIsVisible = 0;
			defaultConfigurationName = Release;
		};
		8594D7F320744B2D00F4C27D /* Build configuration list for PBXNativeTarget "SocialWifi" */ = {
			isa = XCConfigurationList;
			buildConfigurations = (
				8594D7F420744B2D00F4C27D /* Debug */,
				8594D7F520744B2D00F4C27D /* Release */,
			);
			defaultConfigurationIsVisible = 0;
			defaultConfigurationName = Release;
		};
/* End XCConfigurationList section */

/* Begin XCVersionGroup section */
		8594D7E820744B2D00F4C27D /* SocialWifi.xcdatamodeld */ = {
			isa = XCVersionGroup;
			children = (
				8594D7E920744B2D00F4C27D /* SocialWifi.xcdatamodel */,
			);
			currentVersion = 8594D7E920744B2D00F4C27D /* SocialWifi.xcdatamodel */;
			path = SocialWifi.xcdatamodeld;
			sourceTree = "<group>";
			versionGroupType = wrapper.xcdatamodel;
		};
/* End XCVersionGroup section */
	};
	rootObject = 8594D7D620744B2D00F4C27D /* Project object */;
}
